
Microsoft Visual Studio Solution File, Format Version 12.00
# Visual Studio Version 16
VisualStudioVersion = 16.0.30717.126
MinimumVisualStudioVersion = 10.0.40219.1
Project("{FAE04EC0-301F-11D3-BF4B-00C04F79EFBC}") = "SampleCaseStudy.API", "SampleCaseStudy.API\SampleCaseStudy.API.csproj", "{351181F5-9EA6-4D4A-AF9B-168489B41C61}"
EndProject
Global
	GlobalSection(SolutionConfigurationPlatforms) = preSolution
		Debug|Any CPU = Debug|Any CPU
		Release|Any CPU = Release|Any CPU
	EndGlobalSection
	GlobalSection(ProjectConfigurationPlatforms) = postSolution
		{351181F5-9EA6-4D4A-AF9B-168489B41C61}.Debug|Any CPU.ActiveCfg = Debug|Any CPU
		{351181F5-9EA6-4D4A-AF9B-168489B41C61}.Debug|Any CPU.Build.0 = Debug|Any CPU
		{351181F5-9EA6-4D4A-AF9B-168489B41C61}.Release|Any CPU.ActiveCfg = Release|Any CPU
		{351181F5-9EA6-4D4A-AF9B-168489B41C61}.Release|Any CPU.Build.0 = Release|Any CPU
	EndGlobalSection
	GlobalSection(SolutionProperties) = preSolution
		HideSolutionNode = FALSE
	EndGlobalSection
	GlobalSection(ExtensibilityGlobals) = postSolution
		SolutionGuid = {799379EF-622C-45FA-9D4F-C7BC1E067C9F}
	EndGlobalSection
EndGlobal
